
Microsoft Visual Studio Solution File, Format Version 12.00
# Visual Studio Version 16
VisualStudioVersion = 16.0.31702.278
MinimumVisualStudioVersion = 10.0.40219.1
Project("{F2A71F9B-5D33-465A-A702-920D77279786}") = "Covid_Screening_App", "Covid_Screening_App\Covid_Screening_App.fsproj", "{FD7D866F-BCA5-468B-BC08-CBE017EAC543}"
EndProject
Global
	GlobalSection(SolutionConfigurationPlatforms) = preSolution
		Debug|Any CPU = Debug|Any CPU
		Release|Any CPU = Release|Any CPU
	EndGlobalSection
	GlobalSection(ProjectConfigurationPlatforms) = postSolution
		{FD7D866F-BCA5-468B-BC08-CBE017EAC543}.Debug|Any CPU.ActiveCfg = Debug|Any CPU
		{FD7D866F-BCA5-468B-BC08-CBE017EAC543}.Debug|Any CPU.Build.0 = Debug|Any CPU
		{FD7D866F-BCA5-468B-BC08-CBE017EAC543}.Release|Any CPU.ActiveCfg = Release|Any CPU
		{FD7D866F-BCA5-468B-BC08-CBE017EAC543}.Release|Any CPU.Build.0 = Release|Any CPU
	EndGlobalSection
	GlobalSection(SolutionProperties) = preSolution
		HideSolutionNode = FALSE
	EndGlobalSection
	GlobalSection(ExtensibilityGlobals) = postSolution
		SolutionGuid = {A59DABA2-E831-4FE5-90AF-68F4FB919551}
	EndGlobalSection
EndGlobal
